
Microsoft Visual Studio Solution File, Format Version 12.00
# Visual Studio 15
VisualStudioVersion = 15.0.28307.136
MinimumVisualStudioVersion = 10.0.40219.1
Project("{FAE04EC0-301F-11D3-BF4B-00C04F79EFBC}") = "HolaMundoMovil.Android", "HolaMundoMovil\HolaMundoMovil.Android\HolaMundoMovil.Android.csproj", "{8C43B9F0-9E37-4F45-B415-4D5DF82C3FE3}"
EndProject
Project("{FAE04EC0-301F-11D3-BF4B-00C04F79EFBC}") = "HolaMundoMovil.iOS", "HolaMundoMovil\HolaMundoMovil.iOS\HolaMundoMovil.iOS.csproj", "{B5240BA5-845B-4D47-8836-E2B71C9930E3}"
EndProject
Project("{9A19103F-16F7-4668-BE54-9A1E7A4F7556}") = "HolaMundoMovil", "HolaMundoMovil\HolaMundoMovil\HolaMundoMovil.csproj", "{38E4A724-EC1D-4BA9-95E2-E23AD271B270}"
EndProject
Project("{2150E333-8FDC-42A3-9474-1A3956D46DE8}") = "Materiales", "Materiales", "{0AEBDF97-4A48-4E70-AB50-6E692E66B6AD}"
	ProjectSection(SolutionItems) = preProject
		Materiales\Sesiones.md = Materiales\Sesiones.md
	EndProjectSection
EndProject
Project("{2150E333-8FDC-42A3-9474-1A3956D46DE8}") = "csharp-basico", "csharp-basico", "{B595D459-2A84-4C59-8B91-3A309DA909EF}"
	ProjectSection(SolutionItems) = preProject
		Materiales\c-sharp-basico\Arrays.md = Materiales\c-sharp-basico\Arrays.md
		Materiales\c-sharp-basico\Conditionals.md = Materiales\c-sharp-basico\Conditionals.md
		Materiales\c-sharp-basico\Hello, World!.md = Materiales\c-sharp-basico\Hello, World!.md
		Materiales\c-sharp-basico\Variables and Types.md = Materiales\c-sharp-basico\Variables and Types.md
	EndProjectSection
EndProject
Project("{9A19103F-16F7-4668-BE54-9A1E7A4F7556}") = "csharp_basico", "csharp_basico\csharp_basico.csproj", "{247F85AB-55E5-428F-8516-B5CED443104C}"
EndProject
Project("{2150E333-8FDC-42A3-9474-1A3956D46DE8}") = "consola-movil", "consola-movil", "{E37694D5-BE3B-4C2A-A41D-9BA1560FA15D}"
EndProject
Project("{9A19103F-16F7-4668-BE54-9A1E7A4F7556}") = "ConsolaMovil", "ConsolaMovil\ConsolaMovil\ConsolaMovil.csproj", "{7D0E439C-AF15-48C1-835C-345B89C2AAC4}"
EndProject
Project("{FAE04EC0-301F-11D3-BF4B-00C04F79EFBC}") = "ConsolaMovil.Android", "ConsolaMovil\ConsolaMovil.Android\ConsolaMovil.Android.csproj", "{4E7B841F-EA4E-479E-AAB1-43D4E408F67B}"
EndProject
Project("{FAE04EC0-301F-11D3-BF4B-00C04F79EFBC}") = "ConsolaMovil.iOS", "ConsolaMovil\ConsolaMovil.iOS\ConsolaMovil.iOS.csproj", "{873DDB9C-E60E-4252-B44A-6C10FE352B59}"
EndProject
Project("{2150E333-8FDC-42A3-9474-1A3956D46DE8}") = "hola-mundo", "hola-mundo", "{02C2D386-1650-4D15-AD8B-15EC36830ADD}"
EndProject
Global
	GlobalSection(SolutionConfigurationPlatforms) = preSolution
		Ad-Hoc|Any CPU = Ad-Hoc|Any CPU
		Ad-Hoc|iPhone = Ad-Hoc|iPhone
		Ad-Hoc|iPhoneSimulator = Ad-Hoc|iPhoneSimulator
		AppStore|Any CPU = AppStore|Any CPU
		AppStore|iPhone = AppStore|iPhone
		AppStore|iPhoneSimulator = AppStore|iPhoneSimulator
		Debug|Any CPU = Debug|Any CPU
		Debug|iPhone = Debug|iPhone
		Debug|iPhoneSimulator = Debug|iPhoneSimulator
		Release|Any CPU = Release|Any CPU
		Release|iPhone = Release|iPhone
		Release|iPhoneSimulator = Release|iPhoneSimulator
	EndGlobalSection
	GlobalSection(ProjectConfigurationPlatforms) = postSolution
		{8C43B9F0-9E37-4F45-B415-4D5DF82C3FE3}.Ad-Hoc|Any CPU.ActiveCfg = Release|Any CPU
		{8C43B9F0-9E37-4F45-B415-4D5DF82C3FE3}.Ad-Hoc|Any CPU.Build.0 = Release|Any CPU
		{8C43B9F0-9E37-4F45-B415-4D5DF82C3FE3}.Ad-Hoc|Any CPU.Deploy.0 = Release|Any CPU
		{8C43B9F0-9E37-4F45-B415-4D5DF82C3FE3}.Ad-Hoc|iPhone.ActiveCfg = Release|Any CPU
		{8C43B9F0-9E37-4F45-B415-4D5DF82C3FE3}.Ad-Hoc|iPhone.Build.0 = Release|Any CPU
		{8C43B9F0-9E37-4F45-B415-4D5DF82C3FE3}.Ad-Hoc|iPhone.Deploy.0 = Release|Any CPU
		{8C43B9F0-9E37-4F45-B415-4D5DF82C3FE3}.Ad-Hoc|iPhoneSimulator.ActiveCfg = Release|Any CPU
		{8C43B9F0-9E37-4F45-B415-4D5DF82C3FE3}.Ad-Hoc|iPhoneSimulator.Build.0 = Release|Any CPU
		{8C43B9F0-9E37-4F45-B415-4D5DF82C3FE3}.Ad-Hoc|iPhoneSimulator.Deploy.0 = Release|Any CPU
		{8C43B9F0-9E37-4F45-B415-4D5DF82C3FE3}.AppStore|Any CPU.ActiveCfg = Release|Any CPU
		{8C43B9F0-9E37-4F45-B415-4D5DF82C3FE3}.AppStore|Any CPU.Build.0 = Release|Any CPU
		{8C43B9F0-9E37-4F45-B415-4D5DF82C3FE3}.AppStore|Any CPU.Deploy.0 = Release|Any CPU
		{8C43B9F0-9E37-4F45-B415-4D5DF82C3FE3}.AppStore|iPhone.ActiveCfg = Release|Any CPU
		{8C43B9F0-9E37-4F45-B415-4D5DF82C3FE3}.AppStore|iPhone.Build.0 = Release|Any CPU
		{8C43B9F0-9E37-4F45-B415-4D5DF82C3FE3}.AppStore|iPhone.Deploy.0 = Release|Any CPU
		{8C43B9F0-9E37-4F45-B415-4D5DF82C3FE3}.AppStore|iPhoneSimulator.ActiveCfg = Release|Any CPU
		{8C43B9F0-9E37-4F45-B415-4D5DF82C3FE3}.AppStore|iPhoneSimulator.Build.0 = Release|Any CPU
		{8C43B9F0-9E37-4F45-B415-4D5DF82C3FE3}.AppStore|iPhoneSimulator.Deploy.0 = Release|Any CPU
		{8C43B9F0-9E37-4F45-B415-4D5DF82C3FE3}.Debug|Any CPU.ActiveCfg = Debug|Any CPU
		{8C43B9F0-9E37-4F45-B415-4D5DF82C3FE3}.Debug|Any CPU.Build.0 = Debug|Any CPU
		{8C43B9F0-9E37-4F45-B415-4D5DF82C3FE3}.Debug|Any CPU.Deploy.0 = Debug|Any CPU
		{8C43B9F0-9E37-4F45-B415-4D5DF82C3FE3}.Debug|iPhone.ActiveCfg = Debug|Any CPU
		{8C43B9F0-9E37-4F45-B415-4D5DF82C3FE3}.Debug|iPhone.Build.0 = Debug|Any CPU
		{8C43B9F0-9E37-4F45-B415-4D5DF82C3FE3}.Debug|iPhone.Deploy.0 = Debug|Any CPU
		{8C43B9F0-9E37-4F45-B415-4D5DF82C3FE3}.Debug|iPhoneSimulator.ActiveCfg = Debug|Any CPU
		{8C43B9F0-9E37-4F45-B415-4D5DF82C3FE3}.Debug|iPhoneSimulator.Build.0 = Debug|Any CPU
		{8C43B9F0-9E37-4F45-B415-4D5DF82C3FE3}.Debug|iPhoneSimulator.Deploy.0 = Debug|Any CPU
		{8C43B9F0-9E37-4F45-B415-4D5DF82C3FE3}.Release|Any CPU.ActiveCfg = Release|Any CPU
		{8C43B9F0-9E37-4F45-B415-4D5DF82C3FE3}.Release|Any CPU.Build.0 = Release|Any CPU
		{8C43B9F0-9E37-4F45-B415-4D5DF82C3FE3}.Release|Any CPU.Deploy.0 = Release|Any CPU
		{8C43B9F0-9E37-4F45-B415-4D5DF82C3FE3}.Release|iPhone.ActiveCfg = Release|Any CPU
		{8C43B9F0-9E37-4F45-B415-4D5DF82C3FE3}.Release|iPhone.Build.0 = Release|Any CPU
		{8C43B9F0-9E37-4F45-B415-4D5DF82C3FE3}.Release|iPhone.Deploy.0 = Release|Any CPU
		{8C43B9F0-9E37-4F45-B415-4D5DF82C3FE3}.Release|iPhoneSimulator.ActiveCfg = Release|Any CPU
		{8C43B9F0-9E37-4F45-B415-4D5DF82C3FE3}.Release|iPhoneSimulator.Build.0 = Release|Any CPU
		{8C43B9F0-9E37-4F45-B415-4D5DF82C3FE3}.Release|iPhoneSimulator.Deploy.0 = Release|Any CPU
		{B5240BA5-845B-4D47-8836-E2B71C9930E3}.Ad-Hoc|Any CPU.ActiveCfg = Ad-Hoc|iPhone
		{B5240BA5-845B-4D47-8836-E2B71C9930E3}.Ad-Hoc|Any CPU.Build.0 = Ad-Hoc|iPhone
		{B5240BA5-845B-4D47-8836-E2B71C9930E3}.Ad-Hoc|Any CPU.Deploy.0 = Ad-Hoc|iPhone
		{B5240BA5-845B-4D47-8836-E2B71C9930E3}.Ad-Hoc|iPhone.ActiveCfg = Ad-Hoc|iPhone
		{B5240BA5-845B-4D47-8836-E2B71C9930E3}.Ad-Hoc|iPhone.Build.0 = Ad-Hoc|iPhone
		{B5240BA5-845B-4D47-8836-E2B71C9930E3}.Ad-Hoc|iPhone.Deploy.0 = Ad-Hoc|iPhone
		{B5240BA5-845B-4D47-8836-E2B71C9930E3}.Ad-Hoc|iPhoneSimulator.ActiveCfg = Ad-Hoc|iPhoneSimulator
		{B5240BA5-845B-4D47-8836-E2B71C9930E3}.Ad-Hoc|iPhoneSimulator.Build.0 = Ad-Hoc|iPhoneSimulator
		{B5240BA5-845B-4D47-8836-E2B71C9930E3}.Ad-Hoc|iPhoneSimulator.Deploy.0 = Ad-Hoc|iPhoneSimulator
		{B5240BA5-845B-4D47-8836-E2B71C9930E3}.AppStore|Any CPU.ActiveCfg = AppStore|iPhone
		{B5240BA5-845B-4D47-8836-E2B71C9930E3}.AppStore|Any CPU.Build.0 = AppStore|iPhone
		{B5240BA5-845B-4D47-8836-E2B71C9930E3}.AppStore|Any CPU.Deploy.0 = AppStore|iPhone
		{B5240BA5-845B-4D47-8836-E2B71C9930E3}.AppStore|iPhone.ActiveCfg = AppStore|iPhone
		{B5240BA5-845B-4D47-8836-E2B71C9930E3}.AppStore|iPhone.Build.0 = AppStore|iPhone
		{B5240BA5-845B-4D47-8836-E2B71C9930E3}.AppStore|iPhone.Deploy.0 = AppStore|iPhone
		{B5240BA5-845B-4D47-8836-E2B71C9930E3}.AppStore|iPhoneSimulator.ActiveCfg = AppStore|iPhoneSimulator
		{B5240BA5-845B-4D47-8836-E2B71C9930E3}.AppStore|iPhoneSimulator.Build.0 = AppStore|iPhoneSimulator
		{B5240BA5-845B-4D47-8836-E2B71C9930E3}.AppStore|iPhoneSimulator.Deploy.0 = AppStore|iPhoneSimulator
		{B5240BA5-845B-4D47-8836-E2B71C9930E3}.Debug|Any CPU.ActiveCfg = Debug|iPhoneSimulator
		{B5240BA5-845B-4D47-8836-E2B71C9930E3}.Debug|Any CPU.Build.0 = Debug|iPhoneSimulator
		{B5240BA5-845B-4D47-8836-E2B71C9930E3}.Debug|Any CPU.Deploy.0 = Debug|iPhoneSimulator
		{B5240BA5-845B-4D47-8836-E2B71C9930E3}.Debug|iPhone.ActiveCfg = Debug|iPhone
		{B5240BA5-845B-4D47-8836-E2B71C9930E3}.Debug|iPhone.Build.0 = Debug|iPhone
		{B5240BA5-845B-4D47-8836-E2B71C9930E3}.Debug|iPhone.Deploy.0 = Debug|iPhone
		{B5240BA5-845B-4D47-8836-E2B71C9930E3}.Debug|iPhoneSimulator.ActiveCfg = Debug|iPhoneSimulator
		{B5240BA5-845B-4D47-8836-E2B71C9930E3}.Debug|iPhoneSimulator.Build.0 = Debug|iPhoneSimulator
		{B5240BA5-845B-4D47-8836-E2B71C9930E3}.Debug|iPhoneSimulator.Deploy.0 = Debug|iPhoneSimulator
		{B5240BA5-845B-4D47-8836-E2B71C9930E3}.Release|Any CPU.ActiveCfg = Release|iPhone
		{B5240BA5-845B-4D47-8836-E2B71C9930E3}.Release|Any CPU.Build.0 = Release|iPhone
		{B5240BA5-845B-4D47-8836-E2B71C9930E3}.Release|Any CPU.Deploy.0 = Release|iPhone
		{B5240BA5-845B-4D47-8836-E2B71C9930E3}.Release|iPhone.ActiveCfg = Release|iPhone
		{B5240BA5-845B-4D47-8836-E2B71C9930E3}.Release|iPhone.Build.0 = Release|iPhone
		{B5240BA5-845B-4D47-8836-E2B71C9930E3}.Release|iPhone.Deploy.0 = Release|iPhone
		{B5240BA5-845B-4D47-8836-E2B71C9930E3}.Release|iPhoneSimulator.ActiveCfg = Release|iPhoneSimulator
		{B5240BA5-845B-4D47-8836-E2B71C9930E3}.Release|iPhoneSimulator.Build.0 = Release|iPhoneSimulator
		{B5240BA5-845B-4D47-8836-E2B71C9930E3}.Release|iPhoneSimulator.Deploy.0 = Release|iPhoneSimulator
		{38E4A724-EC1D-4BA9-95E2-E23AD271B270}.Ad-Hoc|Any CPU.ActiveCfg = Debug|Any CPU
		{38E4A724-EC1D-4BA9-95E2-E23AD271B270}.Ad-Hoc|Any CPU.Build.0 = Debug|Any CPU
		{38E4A724-EC1D-4BA9-95E2-E23AD271B270}.Ad-Hoc|Any CPU.Deploy.0 = Debug|Any CPU
		{38E4A724-EC1D-4BA9-95E2-E23AD271B270}.Ad-Hoc|iPhone.ActiveCfg = Debug|Any CPU
		{38E4A724-EC1D-4BA9-95E2-E23AD271B270}.Ad-Hoc|iPhone.Build.0 = Debug|Any CPU
		{38E4A724-EC1D-4BA9-95E2-E23AD271B270}.Ad-Hoc|iPhone.Deploy.0 = Debug|Any CPU
		{38E4A724-EC1D-4BA9-95E2-E23AD271B270}.Ad-Hoc|iPhoneSimulator.ActiveCfg = Debug|Any CPU
		{38E4A724-EC1D-4BA9-95E2-E23AD271B270}.Ad-Hoc|iPhoneSimulator.Build.0 = Debug|Any CPU
		{38E4A724-EC1D-4BA9-95E2-E23AD271B270}.Ad-Hoc|iPhoneSimulator.Deploy.0 = Debug|Any CPU
		{38E4A724-EC1D-4BA9-95E2-E23AD271B270}.AppStore|Any CPU.ActiveCfg = Debug|Any CPU
		{38E4A724-EC1D-4BA9-95E2-E23AD271B270}.AppStore|Any CPU.Build.0 = Debug|Any CPU
		{38E4A724-EC1D-4BA9-95E2-E23AD271B270}.AppStore|Any CPU.Deploy.0 = Debug|Any CPU
		{38E4A724-EC1D-4BA9-95E2-E23AD271B270}.AppStore|iPhone.ActiveCfg = Debug|Any CPU
		{38E4A724-EC1D-4BA9-95E2-E23AD271B270}.AppStore|iPhone.Build.0 = Debug|Any CPU
		{38E4A724-EC1D-4BA9-95E2-E23AD271B270}.AppStore|iPhone.Deploy.0 = Debug|Any CPU
		{38E4A724-EC1D-4BA9-95E2-E23AD271B270}.AppStore|iPhoneSimulator.ActiveCfg = Debug|Any CPU
		{38E4A724-EC1D-4BA9-95E2-E23AD271B270}.AppStore|iPhoneSimulator.Build.0 = Debug|Any CPU
		{38E4A724-EC1D-4BA9-95E2-E23AD271B270}.AppStore|iPhoneSimulator.Deploy.0 = Debug|Any CPU
		{38E4A724-EC1D-4BA9-95E2-E23AD271B270}.Debug|Any CPU.ActiveCfg = Debug|Any CPU
		{38E4A724-EC1D-4BA9-95E2-E23AD271B270}.Debug|Any CPU.Build.0 = Debug|Any CPU
		{38E4A724-EC1D-4BA9-95E2-E23AD271B270}.Debug|Any CPU.Deploy.0 = Debug|Any CPU
		{38E4A724-EC1D-4BA9-95E2-E23AD271B270}.Debug|iPhone.ActiveCfg = Debug|Any CPU
		{38E4A724-EC1D-4BA9-95E2-E23AD271B270}.Debug|iPhone.Build.0 = Debug|Any CPU
		{38E4A724-EC1D-4BA9-95E2-E23AD271B270}.Debug|iPhone.Deploy.0 = Debug|Any CPU
		{38E4A724-EC1D-4BA9-95E2-E23AD271B270}.Debug|iPhoneSimulator.ActiveCfg = Debug|Any CPU
		{38E4A724-EC1D-4BA9-95E2-E23AD271B270}.Debug|iPhoneSimulator.Build.0 = Debug|Any CPU
		{38E4A724-EC1D-4BA9-95E2-E23AD271B270}.Debug|iPhoneSimulator.Deploy.0 = Debug|Any CPU
		{38E4A724-EC1D-4BA9-95E2-E23AD271B270}.Release|Any CPU.ActiveCfg = Release|Any CPU
		{38E4A724-EC1D-4BA9-95E2-E23AD271B270}.Release|Any CPU.Build.0 = Release|Any CPU
		{38E4A724-EC1D-4BA9-95E2-E23AD271B270}.Release|Any CPU.Deploy.0 = Release|Any CPU
		{38E4A724-EC1D-4BA9-95E2-E23AD271B270}.Release|iPhone.ActiveCfg = Release|Any CPU
		{38E4A724-EC1D-4BA9-95E2-E23AD271B270}.Release|iPhone.Build.0 = Release|Any CPU
		{38E4A724-EC1D-4BA9-95E2-E23AD271B270}.Release|iPhone.Deploy.0 = Release|Any CPU
		{38E4A724-EC1D-4BA9-95E2-E23AD271B270}.Release|iPhoneSimulator.ActiveCfg = Release|Any CPU
		{38E4A724-EC1D-4BA9-95E2-E23AD271B270}.Release|iPhoneSimulator.Build.0 = Release|Any CPU
		{38E4A724-EC1D-4BA9-95E2-E23AD271B270}.Release|iPhoneSimulator.Deploy.0 = Release|Any CPU
		{247F85AB-55E5-428F-8516-B5CED443104C}.Ad-Hoc|Any CPU.ActiveCfg = Debug|Any CPU
		{247F85AB-55E5-428F-8516-B5CED443104C}.Ad-Hoc|Any CPU.Build.0 = Debug|Any CPU
		{247F85AB-55E5-428F-8516-B5CED443104C}.Ad-Hoc|iPhone.ActiveCfg = Debug|Any CPU
		{247F85AB-55E5-428F-8516-B5CED443104C}.Ad-Hoc|iPhone.Build.0 = Debug|Any CPU
		{247F85AB-55E5-428F-8516-B5CED443104C}.Ad-Hoc|iPhoneSimulator.ActiveCfg = Debug|Any CPU
		{247F85AB-55E5-428F-8516-B5CED443104C}.Ad-Hoc|iPhoneSimulator.Build.0 = Debug|Any CPU
		{247F85AB-55E5-428F-8516-B5CED443104C}.AppStore|Any CPU.ActiveCfg = Debug|Any CPU
		{247F85AB-55E5-428F-8516-B5CED443104C}.AppStore|Any CPU.Build.0 = Debug|Any CPU
		{247F85AB-55E5-428F-8516-B5CED443104C}.AppStore|iPhone.ActiveCfg = Debug|Any CPU
		{247F85AB-55E5-428F-8516-B5CED443104C}.AppStore|iPhone.Build.0 = Debug|Any CPU
		{247F85AB-55E5-428F-8516-B5CED443104C}.AppStore|iPhoneSimulator.ActiveCfg = Debug|Any CPU
		{247F85AB-55E5-428F-8516-B5CED443104C}.AppStore|iPhoneSimulator.Build.0 = Debug|Any CPU
		{247F85AB-55E5-428F-8516-B5CED443104C}.Debug|Any CPU.ActiveCfg = Debug|Any CPU
		{247F85AB-55E5-428F-8516-B5CED443104C}.Debug|Any CPU.Build.0 = Debug|Any CPU
		{247F85AB-55E5-428F-8516-B5CED443104C}.Debug|iPhone.ActiveCfg = Debug|Any CPU
		{247F85AB-55E5-428F-8516-B5CED443104C}.Debug|iPhone.Build.0 = Debug|Any CPU
		{247F85AB-55E5-428F-8516-B5CED443104C}.Debug|iPhoneSimulator.ActiveCfg = Debug|Any CPU
		{247F85AB-55E5-428F-8516-B5CED443104C}.Debug|iPhoneSimulator.Build.0 = Debug|Any CPU
		{247F85AB-55E5-428F-8516-B5CED443104C}.Release|Any CPU.ActiveCfg = Release|Any CPU
		{247F85AB-55E5-428F-8516-B5CED443104C}.Release|Any CPU.Build.0 = Release|Any CPU
		{247F85AB-55E5-428F-8516-B5CED443104C}.Release|iPhone.ActiveCfg = Release|Any CPU
		{247F85AB-55E5-428F-8516-B5CED443104C}.Release|iPhone.Build.0 = Release|Any CPU
		{247F85AB-55E5-428F-8516-B5CED443104C}.Release|iPhoneSimulator.ActiveCfg = Release|Any CPU
		{247F85AB-55E5-428F-8516-B5CED443104C}.Release|iPhoneSimulator.Build.0 = Release|Any CPU
		{7D0E439C-AF15-48C1-835C-345B89C2AAC4}.Ad-Hoc|Any CPU.ActiveCfg = Debug|Any CPU
		{7D0E439C-AF15-48C1-835C-345B89C2AAC4}.Ad-Hoc|Any CPU.Build.0 = Debug|Any CPU
		{7D0E439C-AF15-48C1-835C-345B89C2AAC4}.Ad-Hoc|iPhone.ActiveCfg = Debug|Any CPU
		{7D0E439C-AF15-48C1-835C-345B89C2AAC4}.Ad-Hoc|iPhone.Build.0 = Debug|Any CPU
		{7D0E439C-AF15-48C1-835C-345B89C2AAC4}.Ad-Hoc|iPhoneSimulator.ActiveCfg = Debug|Any CPU
		{7D0E439C-AF15-48C1-835C-345B89C2AAC4}.Ad-Hoc|iPhoneSimulator.Build.0 = Debug|Any CPU
		{7D0E439C-AF15-48C1-835C-345B89C2AAC4}.AppStore|Any CPU.ActiveCfg = Debug|Any CPU
		{7D0E439C-AF15-48C1-835C-345B89C2AAC4}.AppStore|Any CPU.Build.0 = Debug|Any CPU
		{7D0E439C-AF15-48C1-835C-345B89C2AAC4}.AppStore|iPhone.ActiveCfg = Debug|Any CPU
		{7D0E439C-AF15-48C1-835C-345B89C2AAC4}.AppStore|iPhone.Build.0 = Debug|Any CPU
		{7D0E439C-AF15-48C1-835C-345B89C2AAC4}.AppStore|iPhoneSimulator.ActiveCfg = Debug|Any CPU
		{7D0E439C-AF15-48C1-835C-345B89C2AAC4}.AppStore|iPhoneSimulator.Build.0 = Debug|Any CPU
		{7D0E439C-AF15-48C1-835C-345B89C2AAC4}.Debug|Any CPU.ActiveCfg = Debug|Any CPU
		{7D0E439C-AF15-48C1-835C-345B89C2AAC4}.Debug|Any CPU.Build.0 = Debug|Any CPU
		{7D0E439C-AF15-48C1-835C-345B89C2AAC4}.Debug|iPhone.ActiveCfg = Debug|Any CPU
		{7D0E439C-AF15-48C1-835C-345B89C2AAC4}.Debug|iPhone.Build.0 = Debug|Any CPU
		{7D0E439C-AF15-48C1-835C-345B89C2AAC4}.Debug|iPhoneSimulator.ActiveCfg = Debug|Any CPU
		{7D0E439C-AF15-48C1-835C-345B89C2AAC4}.Debug|iPhoneSimulator.Build.0 = Debug|Any CPU
		{7D0E439C-AF15-48C1-835C-345B89C2AAC4}.Release|Any CPU.ActiveCfg = Release|Any CPU
		{7D0E439C-AF15-48C1-835C-345B89C2AAC4}.Release|Any CPU.Build.0 = Release|Any CPU
		{7D0E439C-AF15-48C1-835C-345B89C2AAC4}.Release|iPhone.ActiveCfg = Release|Any CPU
		{7D0E439C-AF15-48C1-835C-345B89C2AAC4}.Release|iPhone.Build.0 = Release|Any CPU
		{7D0E439C-AF15-48C1-835C-345B89C2AAC4}.Release|iPhoneSimulator.ActiveCfg = Release|Any CPU
		{7D0E439C-AF15-48C1-835C-345B89C2AAC4}.Release|iPhoneSimulator.Build.0 = Release|Any CPU
		{4E7B841F-EA4E-479E-AAB1-43D4E408F67B}.Ad-Hoc|Any CPU.ActiveCfg = Release|Any CPU
		{4E7B841F-EA4E-479E-AAB1-43D4E408F67B}.Ad-Hoc|Any CPU.Build.0 = Release|Any CPU
		{4E7B841F-EA4E-479E-AAB1-43D4E408F67B}.Ad-Hoc|Any CPU.Deploy.0 = Release|Any CPU
		{4E7B841F-EA4E-479E-AAB1-43D4E408F67B}.Ad-Hoc|iPhone.ActiveCfg = Release|Any CPU
		{4E7B841F-EA4E-479E-AAB1-43D4E408F67B}.Ad-Hoc|iPhone.Build.0 = Release|Any CPU
		{4E7B841F-EA4E-479E-AAB1-43D4E408F67B}.Ad-Hoc|iPhone.Deploy.0 = Release|Any CPU
		{4E7B841F-EA4E-479E-AAB1-43D4E408F67B}.Ad-Hoc|iPhoneSimulator.ActiveCfg = Release|Any CPU
		{4E7B841F-EA4E-479E-AAB1-43D4E408F67B}.Ad-Hoc|iPhoneSimulator.Build.0 = Release|Any CPU
		{4E7B841F-EA4E-479E-AAB1-43D4E408F67B}.Ad-Hoc|iPhoneSimulator.Deploy.0 = Release|Any CPU
		{4E7B841F-EA4E-479E-AAB1-43D4E408F67B}.AppStore|Any CPU.ActiveCfg = Release|Any CPU
		{4E7B841F-EA4E-479E-AAB1-43D4E408F67B}.AppStore|Any CPU.Build.0 = Release|Any CPU
		{4E7B841F-EA4E-479E-AAB1-43D4E408F67B}.AppStore|Any CPU.Deploy.0 = Release|Any CPU
		{4E7B841F-EA4E-479E-AAB1-43D4E408F67B}.AppStore|iPhone.ActiveCfg = Release|Any CPU
		{4E7B841F-EA4E-479E-AAB1-43D4E408F67B}.AppStore|iPhone.Build.0 = Release|Any CPU
		{4E7B841F-EA4E-479E-AAB1-43D4E408F67B}.AppStore|iPhone.Deploy.0 = Release|Any CPU
		{4E7B841F-EA4E-479E-AAB1-43D4E408F67B}.AppStore|iPhoneSimulator.ActiveCfg = Release|Any CPU
		{4E7B841F-EA4E-479E-AAB1-43D4E408F67B}.AppStore|iPhoneSimulator.Build.0 = Release|Any CPU
		{4E7B841F-EA4E-479E-AAB1-43D4E408F67B}.AppStore|iPhoneSimulator.Deploy.0 = Release|Any CPU
		{4E7B841F-EA4E-479E-AAB1-43D4E408F67B}.Debug|Any CPU.ActiveCfg = Debug|Any CPU
		{4E7B841F-EA4E-479E-AAB1-43D4E408F67B}.Debug|Any CPU.Build.0 = Debug|Any CPU
		{4E7B841F-EA4E-479E-AAB1-43D4E408F67B}.Debug|Any CPU.Deploy.0 = Debug|Any CPU
		{4E7B841F-EA4E-479E-AAB1-43D4E408F67B}.Debug|iPhone.ActiveCfg = Debug|Any CPU
		{4E7B841F-EA4E-479E-AAB1-43D4E408F67B}.Debug|iPhone.Build.0 = Debug|Any CPU
		{4E7B841F-EA4E-479E-AAB1-43D4E408F67B}.Debug|iPhone.Deploy.0 = Debug|Any CPU
		{4E7B841F-EA4E-479E-AAB1-43D4E408F67B}.Debug|iPhoneSimulator.ActiveCfg = Debug|Any CPU
		{4E7B841F-EA4E-479E-AAB1-43D4E408F67B}.Debug|iPhoneSimulator.Build.0 = Debug|Any CPU
		{4E7B841F-EA4E-479E-AAB1-43D4E408F67B}.Debug|iPhoneSimulator.Deploy.0 = Debug|Any CPU
		{4E7B841F-EA4E-479E-AAB1-43D4E408F67B}.Release|Any CPU.ActiveCfg = Release|Any CPU
		{4E7B841F-EA4E-479E-AAB1-43D4E408F67B}.Release|Any CPU.Build.0 = Release|Any CPU
		{4E7B841F-EA4E-479E-AAB1-43D4E408F67B}.Release|Any CPU.Deploy.0 = Release|Any CPU
		{4E7B841F-EA4E-479E-AAB1-43D4E408F67B}.Release|iPhone.ActiveCfg = Release|Any CPU
		{4E7B841F-EA4E-479E-AAB1-43D4E408F67B}.Release|iPhone.Build.0 = Release|Any CPU
		{4E7B841F-EA4E-479E-AAB1-43D4E408F67B}.Release|iPhone.Deploy.0 = Release|Any CPU
		{4E7B841F-EA4E-479E-AAB1-43D4E408F67B}.Release|iPhoneSimulator.ActiveCfg = Release|Any CPU
		{4E7B841F-EA4E-479E-AAB1-43D4E408F67B}.Release|iPhoneSimulator.Build.0 = Release|Any CPU
		{4E7B841F-EA4E-479E-AAB1-43D4E408F67B}.Release|iPhoneSimulator.Deploy.0 = Release|Any CPU
		{873DDB9C-E60E-4252-B44A-6C10FE352B59}.Ad-Hoc|Any CPU.ActiveCfg = Ad-Hoc|iPhone
		{873DDB9C-E60E-4252-B44A-6C10FE352B59}.Ad-Hoc|iPhone.ActiveCfg = Ad-Hoc|iPhone
		{873DDB9C-E60E-4252-B44A-6C10FE352B59}.Ad-Hoc|iPhone.Build.0 = Ad-Hoc|iPhone
		{873DDB9C-E60E-4252-B44A-6C10FE352B59}.Ad-Hoc|iPhoneSimulator.ActiveCfg = Ad-Hoc|iPhoneSimulator
		{873DDB9C-E60E-4252-B44A-6C10FE352B59}.Ad-Hoc|iPhoneSimulator.Build.0 = Ad-Hoc|iPhoneSimulator
		{873DDB9C-E60E-4252-B44A-6C10FE352B59}.AppStore|Any CPU.ActiveCfg = AppStore|iPhone
		{873DDB9C-E60E-4252-B44A-6C10FE352B59}.AppStore|iPhone.ActiveCfg = AppStore|iPhone
		{873DDB9C-E60E-4252-B44A-6C10FE352B59}.AppStore|iPhone.Build.0 = AppStore|iPhone
		{873DDB9C-E60E-4252-B44A-6C10FE352B59}.AppStore|iPhoneSimulator.ActiveCfg = AppStore|iPhoneSimulator
		{873DDB9C-E60E-4252-B44A-6C10FE352B59}.AppStore|iPhoneSimulator.Build.0 = AppStore|iPhoneSimulator
		{873DDB9C-E60E-4252-B44A-6C10FE352B59}.Debug|Any CPU.ActiveCfg = Debug|iPhone
		{873DDB9C-E60E-4252-B44A-6C10FE352B59}.Debug|iPhone.ActiveCfg = Debug|iPhone
		{873DDB9C-E60E-4252-B44A-6C10FE352B59}.Debug|iPhone.Build.0 = Debug|iPhone
		{873DDB9C-E60E-4252-B44A-6C10FE352B59}.Debug|iPhoneSimulator.ActiveCfg = Debug|iPhoneSimulator
		{873DDB9C-E60E-4252-B44A-6C10FE352B59}.Debug|iPhoneSimulator.Build.0 = Debug|iPhoneSimulator
		{873DDB9C-E60E-4252-B44A-6C10FE352B59}.Release|Any CPU.ActiveCfg = Release|iPhone
		{873DDB9C-E60E-4252-B44A-6C10FE352B59}.Release|iPhone.ActiveCfg = Release|iPhone
		{873DDB9C-E60E-4252-B44A-6C10FE352B59}.Release|iPhone.Build.0 = Release|iPhone
		{873DDB9C-E60E-4252-B44A-6C10FE352B59}.Release|iPhoneSimulator.ActiveCfg = Release|iPhoneSimulator
		{873DDB9C-E60E-4252-B44A-6C10FE352B59}.Release|iPhoneSimulator.Build.0 = Release|iPhoneSimulator
	EndGlobalSection
	GlobalSection(SolutionProperties) = preSolution
		HideSolutionNode = FALSE
	EndGlobalSection
	GlobalSection(NestedProjects) = preSolution
		{8C43B9F0-9E37-4F45-B415-4D5DF82C3FE3} = {02C2D386-1650-4D15-AD8B-15EC36830ADD}
		{B5240BA5-845B-4D47-8836-E2B71C9930E3} = {02C2D386-1650-4D15-AD8B-15EC36830ADD}
		{38E4A724-EC1D-4BA9-95E2-E23AD271B270} = {02C2D386-1650-4D15-AD8B-15EC36830ADD}
		{B595D459-2A84-4C59-8B91-3A309DA909EF} = {0AEBDF97-4A48-4E70-AB50-6E692E66B6AD}
		{247F85AB-55E5-428F-8516-B5CED443104C} = {B595D459-2A84-4C59-8B91-3A309DA909EF}
		{E37694D5-BE3B-4C2A-A41D-9BA1560FA15D} = {0AEBDF97-4A48-4E70-AB50-6E692E66B6AD}
		{7D0E439C-AF15-48C1-835C-345B89C2AAC4} = {E37694D5-BE3B-4C2A-A41D-9BA1560FA15D}
		{4E7B841F-EA4E-479E-AAB1-43D4E408F67B} = {E37694D5-BE3B-4C2A-A41D-9BA1560FA15D}
		{873DDB9C-E60E-4252-B44A-6C10FE352B59} = {E37694D5-BE3B-4C2A-A41D-9BA1560FA15D}
		{02C2D386-1650-4D15-AD8B-15EC36830ADD} = {0AEBDF97-4A48-4E70-AB50-6E692E66B6AD}
	EndGlobalSection
	GlobalSection(ExtensibilityGlobals) = postSolution
		SolutionGuid = {53447172-7711-462D-8E64-7E9109551C9D}
	EndGlobalSection
EndGlobal
