
Microsoft Visual Studio Solution File, Format Version 12.00
# Visual Studio 15
VisualStudioVersion = 15.0.28307.136
MinimumVisualStudioVersion = 10.0.40219.1
Project("{FAE04EC0-301F-11D3-BF4B-00C04F79EFBC}") = "HolaMundoMovil.Android", "HolaMundoMovil\HolaMundoMovil.Android\HolaMundoMovil.Android.csproj", "{8C43B9F0-9E37-4F45-B415-4D5DF82C3FE3}"
EndProject
Project("{FAE04EC0-301F-11D3-BF4B-00C04F79EFBC}") = "HolaMundoMovil.iOS", "HolaMundoMovil\HolaMundoMovil.iOS\HolaMundoMovil.iOS.csproj", "{B5240BA5-845B-4D47-8836-E2B71C9930E3}"
EndProject
Project("{FAE04EC0-301F-11D3-BF4B-00C04F79EFBC}") = "HolaMundoMovil", "HolaMundoMovil\HolaMundoMovil\HolaMundoMovil.csproj", "{38E4A724-EC1D-4BA9-95E2-E23AD271B270}"
EndProject
Global
	GlobalSection(SolutionConfigurationPlatforms) = preSolution
		Ad-Hoc|Any CPU = Ad-Hoc|Any CPU
		Ad-Hoc|iPhone = Ad-Hoc|iPhone
		Ad-Hoc|iPhoneSimulator = Ad-Hoc|iPhoneSimulator
		AppStore|Any CPU = AppStore|Any CPU
		AppStore|iPhone = AppStore|iPhone
		AppStore|iPhoneSimulator = AppStore|iPhoneSimulator
		Debug|Any CPU = Debug|Any CPU
		Debug|iPhone = Debug|iPhone
		Debug|iPhoneSimulator = Debug|iPhoneSimulator
		Release|Any CPU = Release|Any CPU
		Release|iPhone = Release|iPhone
		Release|iPhoneSimulator = Release|iPhoneSimulator
	EndGlobalSection
	GlobalSection(ProjectConfigurationPlatforms) = postSolution
		{8C43B9F0-9E37-4F45-B415-4D5DF82C3FE3}.Ad-Hoc|Any CPU.ActiveCfg = Release|Any CPU
		{8C43B9F0-9E37-4F45-B415-4D5DF82C3FE3}.Ad-Hoc|Any CPU.Build.0 = Release|Any CPU
		{8C43B9F0-9E37-4F45-B415-4D5DF82C3FE3}.Ad-Hoc|Any CPU.Deploy.0 = Release|Any CPU
		{8C43B9F0-9E37-4F45-B415-4D5DF82C3FE3}.Ad-Hoc|iPhone.ActiveCfg = Release|Any CPU
		{8C43B9F0-9E37-4F45-B415-4D5DF82C3FE3}.Ad-Hoc|iPhone.Build.0 = Release|Any CPU
		{8C43B9F0-9E37-4F45-B415-4D5DF82C3FE3}.Ad-Hoc|iPhone.Deploy.0 = Release|Any CPU
		{8C43B9F0-9E37-4F45-B415-4D5DF82C3FE3}.Ad-Hoc|iPhoneSimulator.ActiveCfg = Release|Any CPU
		{8C43B9F0-9E37-4F45-B415-4D5DF82C3FE3}.Ad-Hoc|iPhoneSimulator.Build.0 = Release|Any CPU
		{8C43B9F0-9E37-4F45-B415-4D5DF82C3FE3}.Ad-Hoc|iPhoneSimulator.Deploy.0 = Release|Any CPU
		{8C43B9F0-9E37-4F45-B415-4D5DF82C3FE3}.AppStore|Any CPU.ActiveCfg = Release|Any CPU
		{8C43B9F0-9E37-4F45-B415-4D5DF82C3FE3}.AppStore|Any CPU.Build.0 = Release|Any CPU
		{8C43B9F0-9E37-4F45-B415-4D5DF82C3FE3}.AppStore|Any CPU.Deploy.0 = Release|Any CPU
		{8C43B9F0-9E37-4F45-B415-4D5DF82C3FE3}.AppStore|iPhone.ActiveCfg = Release|Any CPU
		{8C43B9F0-9E37-4F45-B415-4D5DF82C3FE3}.AppStore|iPhone.Build.0 = Release|Any CPU
		{8C43B9F0-9E37-4F45-B415-4D5DF82C3FE3}.AppStore|iPhone.Deploy.0 = Release|Any CPU
		{8C43B9F0-9E37-4F45-B415-4D5DF82C3FE3}.AppStore|iPhoneSimulator.ActiveCfg = Release|Any CPU
		{8C43B9F0-9E37-4F45-B415-4D5DF82C3FE3}.AppStore|iPhoneSimulator.Build.0 = Release|Any CPU
		{8C43B9F0-9E37-4F45-B415-4D5DF82C3FE3}.AppStore|iPhoneSimulator.Deploy.0 = Release|Any CPU
		{8C43B9F0-9E37-4F45-B415-4D5DF82C3FE3}.Debug|Any CPU.ActiveCfg = Debug|Any CPU
		{8C43B9F0-9E37-4F45-B415-4D5DF82C3FE3}.Debug|Any CPU.Build.0 = Debug|Any CPU
		{8C43B9F0-9E37-4F45-B415-4D5DF82C3FE3}.Debug|Any CPU.Deploy.0 = Debug|Any CPU
		{8C43B9F0-9E37-4F45-B415-4D5DF82C3FE3}.Debug|iPhone.ActiveCfg = Debug|Any CPU
		{8C43B9F0-9E37-4F45-B415-4D5DF82C3FE3}.Debug|iPhone.Build.0 = Debug|Any CPU
		{8C43B9F0-9E37-4F45-B415-4D5DF82C3FE3}.Debug|iPhone.Deploy.0 = Debug|Any CPU
		{8C43B9F0-9E37-4F45-B415-4D5DF82C3FE3}.Debug|iPhoneSimulator.ActiveCfg = Debug|Any CPU
		{8C43B9F0-9E37-4F45-B415-4D5DF82C3FE3}.Debug|iPhoneSimulator.Build.0 = Debug|Any CPU
		{8C43B9F0-9E37-4F45-B415-4D5DF82C3FE3}.Debug|iPhoneSimulator.Deploy.0 = Debug|Any CPU
		{8C43B9F0-9E37-4F45-B415-4D5DF82C3FE3}.Release|Any CPU.ActiveCfg = Release|Any CPU
		{8C43B9F0-9E37-4F45-B415-4D5DF82C3FE3}.Release|Any CPU.Build.0 = Release|Any CPU
		{8C43B9F0-9E37-4F45-B415-4D5DF82C3FE3}.Release|Any CPU.Deploy.0 = Release|Any CPU
		{8C43B9F0-9E37-4F45-B415-4D5DF82C3FE3}.Release|iPhone.ActiveCfg = Release|Any CPU
		{8C43B9F0-9E37-4F45-B415-4D5DF82C3FE3}.Release|iPhone.Build.0 = Release|Any CPU
		{8C43B9F0-9E37-4F45-B415-4D5DF82C3FE3}.Release|iPhone.Deploy.0 = Release|Any CPU
		{8C43B9F0-9E37-4F45-B415-4D5DF82C3FE3}.Release|iPhoneSimulator.ActiveCfg = Release|Any CPU
		{8C43B9F0-9E37-4F45-B415-4D5DF82C3FE3}.Release|iPhoneSimulator.Build.0 = Release|Any CPU
		{8C43B9F0-9E37-4F45-B415-4D5DF82C3FE3}.Release|iPhoneSimulator.Deploy.0 = Release|Any CPU
		{B5240BA5-845B-4D47-8836-E2B71C9930E3}.Ad-Hoc|Any CPU.ActiveCfg = Ad-Hoc|iPhone
		{B5240BA5-845B-4D47-8836-E2B71C9930E3}.Ad-Hoc|Any CPU.Build.0 = Ad-Hoc|iPhone
		{B5240BA5-845B-4D47-8836-E2B71C9930E3}.Ad-Hoc|Any CPU.Deploy.0 = Ad-Hoc|iPhone
		{B5240BA5-845B-4D47-8836-E2B71C9930E3}.Ad-Hoc|iPhone.ActiveCfg = Ad-Hoc|iPhone
		{B5240BA5-845B-4D47-8836-E2B71C9930E3}.Ad-Hoc|iPhone.Build.0 = Ad-Hoc|iPhone
		{B5240BA5-845B-4D47-8836-E2B71C9930E3}.Ad-Hoc|iPhone.Deploy.0 = Ad-Hoc|iPhone
		{B5240BA5-845B-4D47-8836-E2B71C9930E3}.Ad-Hoc|iPhoneSimulator.ActiveCfg = Ad-Hoc|iPhoneSimulator
		{B5240BA5-845B-4D47-8836-E2B71C9930E3}.Ad-Hoc|iPhoneSimulator.Build.0 = Ad-Hoc|iPhoneSimulator
		{B5240BA5-845B-4D47-8836-E2B71C9930E3}.Ad-Hoc|iPhoneSimulator.Deploy.0 = Ad-Hoc|iPhoneSimulator
		{B5240BA5-845B-4D47-8836-E2B71C9930E3}.AppStore|Any CPU.ActiveCfg = AppStore|iPhone
		{B5240BA5-845B-4D47-8836-E2B71C9930E3}.AppStore|Any CPU.Build.0 = AppStore|iPhone
		{B5240BA5-845B-4D47-8836-E2B71C9930E3}.AppStore|Any CPU.Deploy.0 = AppStore|iPhone
		{B5240BA5-845B-4D47-8836-E2B71C9930E3}.AppStore|iPhone.ActiveCfg = AppStore|iPhone
		{B5240BA5-845B-4D47-8836-E2B71C9930E3}.AppStore|iPhone.Build.0 = AppStore|iPhone
		{B5240BA5-845B-4D47-8836-E2B71C9930E3}.AppStore|iPhone.Deploy.0 = AppStore|iPhone
		{B5240BA5-845B-4D47-8836-E2B71C9930E3}.AppStore|iPhoneSimulator.ActiveCfg = AppStore|iPhoneSimulator
		{B5240BA5-845B-4D47-8836-E2B71C9930E3}.AppStore|iPhoneSimulator.Build.0 = AppStore|iPhoneSimulator
		{B5240BA5-845B-4D47-8836-E2B71C9930E3}.AppStore|iPhoneSimulator.Deploy.0 = AppStore|iPhoneSimulator
		{B5240BA5-845B-4D47-8836-E2B71C9930E3}.Debug|Any CPU.ActiveCfg = Debug|iPhoneSimulator
		{B5240BA5-845B-4D47-8836-E2B71C9930E3}.Debug|Any CPU.Build.0 = Debug|iPhoneSimulator
		{B5240BA5-845B-4D47-8836-E2B71C9930E3}.Debug|Any CPU.Deploy.0 = Debug|iPhoneSimulator
		{B5240BA5-845B-4D47-8836-E2B71C9930E3}.Debug|iPhone.ActiveCfg = Debug|iPhone
		{B5240BA5-845B-4D47-8836-E2B71C9930E3}.Debug|iPhone.Build.0 = Debug|iPhone
		{B5240BA5-845B-4D47-8836-E2B71C9930E3}.Debug|iPhone.Deploy.0 = Debug|iPhone
		{B5240BA5-845B-4D47-8836-E2B71C9930E3}.Debug|iPhoneSimulator.ActiveCfg = Debug|iPhoneSimulator
		{B5240BA5-845B-4D47-8836-E2B71C9930E3}.Debug|iPhoneSimulator.Build.0 = Debug|iPhoneSimulator
		{B5240BA5-845B-4D47-8836-E2B71C9930E3}.Debug|iPhoneSimulator.Deploy.0 = Debug|iPhoneSimulator
		{B5240BA5-845B-4D47-8836-E2B71C9930E3}.Release|Any CPU.ActiveCfg = Release|iPhone
		{B5240BA5-845B-4D47-8836-E2B71C9930E3}.Release|Any CPU.Build.0 = Release|iPhone
		{B5240BA5-845B-4D47-8836-E2B71C9930E3}.Release|Any CPU.Deploy.0 = Release|iPhone
		{B5240BA5-845B-4D47-8836-E2B71C9930E3}.Release|iPhone.ActiveCfg = Release|iPhone
		{B5240BA5-845B-4D47-8836-E2B71C9930E3}.Release|iPhone.Build.0 = Release|iPhone
		{B5240BA5-845B-4D47-8836-E2B71C9930E3}.Release|iPhone.Deploy.0 = Release|iPhone
		{B5240BA5-845B-4D47-8836-E2B71C9930E3}.Release|iPhoneSimulator.ActiveCfg = Release|iPhoneSimulator
		{B5240BA5-845B-4D47-8836-E2B71C9930E3}.Release|iPhoneSimulator.Build.0 = Release|iPhoneSimulator
		{B5240BA5-845B-4D47-8836-E2B71C9930E3}.Release|iPhoneSimulator.Deploy.0 = Release|iPhoneSimulator
		{38E4A724-EC1D-4BA9-95E2-E23AD271B270}.Ad-Hoc|Any CPU.ActiveCfg = Debug|Any CPU
		{38E4A724-EC1D-4BA9-95E2-E23AD271B270}.Ad-Hoc|Any CPU.Build.0 = Debug|Any CPU
		{38E4A724-EC1D-4BA9-95E2-E23AD271B270}.Ad-Hoc|Any CPU.Deploy.0 = Debug|Any CPU
		{38E4A724-EC1D-4BA9-95E2-E23AD271B270}.Ad-Hoc|iPhone.ActiveCfg = Debug|Any CPU
		{38E4A724-EC1D-4BA9-95E2-E23AD271B270}.Ad-Hoc|iPhone.Build.0 = Debug|Any CPU
		{38E4A724-EC1D-4BA9-95E2-E23AD271B270}.Ad-Hoc|iPhone.Deploy.0 = Debug|Any CPU
		{38E4A724-EC1D-4BA9-95E2-E23AD271B270}.Ad-Hoc|iPhoneSimulator.ActiveCfg = Debug|Any CPU
		{38E4A724-EC1D-4BA9-95E2-E23AD271B270}.Ad-Hoc|iPhoneSimulator.Build.0 = Debug|Any CPU
		{38E4A724-EC1D-4BA9-95E2-E23AD271B270}.Ad-Hoc|iPhoneSimulator.Deploy.0 = Debug|Any CPU
		{38E4A724-EC1D-4BA9-95E2-E23AD271B270}.AppStore|Any CPU.ActiveCfg = Debug|Any CPU
		{38E4A724-EC1D-4BA9-95E2-E23AD271B270}.AppStore|Any CPU.Build.0 = Debug|Any CPU
		{38E4A724-EC1D-4BA9-95E2-E23AD271B270}.AppStore|Any CPU.Deploy.0 = Debug|Any CPU
		{38E4A724-EC1D-4BA9-95E2-E23AD271B270}.AppStore|iPhone.ActiveCfg = Debug|Any CPU
		{38E4A724-EC1D-4BA9-95E2-E23AD271B270}.AppStore|iPhone.Build.0 = Debug|Any CPU
		{38E4A724-EC1D-4BA9-95E2-E23AD271B270}.AppStore|iPhone.Deploy.0 = Debug|Any CPU
		{38E4A724-EC1D-4BA9-95E2-E23AD271B270}.AppStore|iPhoneSimulator.ActiveCfg = Debug|Any CPU
		{38E4A724-EC1D-4BA9-95E2-E23AD271B270}.AppStore|iPhoneSimulator.Build.0 = Debug|Any CPU
		{38E4A724-EC1D-4BA9-95E2-E23AD271B270}.AppStore|iPhoneSimulator.Deploy.0 = Debug|Any CPU
		{38E4A724-EC1D-4BA9-95E2-E23AD271B270}.Debug|Any CPU.ActiveCfg = Debug|Any CPU
		{38E4A724-EC1D-4BA9-95E2-E23AD271B270}.Debug|Any CPU.Build.0 = Debug|Any CPU
		{38E4A724-EC1D-4BA9-95E2-E23AD271B270}.Debug|Any CPU.Deploy.0 = Debug|Any CPU
		{38E4A724-EC1D-4BA9-95E2-E23AD271B270}.Debug|iPhone.ActiveCfg = Debug|Any CPU
		{38E4A724-EC1D-4BA9-95E2-E23AD271B270}.Debug|iPhone.Build.0 = Debug|Any CPU
		{38E4A724-EC1D-4BA9-95E2-E23AD271B270}.Debug|iPhone.Deploy.0 = Debug|Any CPU
		{38E4A724-EC1D-4BA9-95E2-E23AD271B270}.Debug|iPhoneSimulator.ActiveCfg = Debug|Any CPU
		{38E4A724-EC1D-4BA9-95E2-E23AD271B270}.Debug|iPhoneSimulator.Build.0 = Debug|Any CPU
		{38E4A724-EC1D-4BA9-95E2-E23AD271B270}.Debug|iPhoneSimulator.Deploy.0 = Debug|Any CPU
		{38E4A724-EC1D-4BA9-95E2-E23AD271B270}.Release|Any CPU.ActiveCfg = Release|Any CPU
		{38E4A724-EC1D-4BA9-95E2-E23AD271B270}.Release|Any CPU.Build.0 = Release|Any CPU
		{38E4A724-EC1D-4BA9-95E2-E23AD271B270}.Release|Any CPU.Deploy.0 = Release|Any CPU
		{38E4A724-EC1D-4BA9-95E2-E23AD271B270}.Release|iPhone.ActiveCfg = Release|Any CPU
		{38E4A724-EC1D-4BA9-95E2-E23AD271B270}.Release|iPhone.Build.0 = Release|Any CPU
		{38E4A724-EC1D-4BA9-95E2-E23AD271B270}.Release|iPhone.Deploy.0 = Release|Any CPU
		{38E4A724-EC1D-4BA9-95E2-E23AD271B270}.Release|iPhoneSimulator.ActiveCfg = Release|Any CPU
		{38E4A724-EC1D-4BA9-95E2-E23AD271B270}.Release|iPhoneSimulator.Build.0 = Release|Any CPU
		{38E4A724-EC1D-4BA9-95E2-E23AD271B270}.Release|iPhoneSimulator.Deploy.0 = Release|Any CPU
	EndGlobalSection
	GlobalSection(SolutionProperties) = preSolution
		HideSolutionNode = FALSE
	EndGlobalSection
	GlobalSection(ExtensibilityGlobals) = postSolution
		SolutionGuid = {53447172-7711-462D-8E64-7E9109551C9D}
	EndGlobalSection
EndGlobal
